
Microsoft Visual Studio Solution File, Format Version 12.00
# Visual Studio Version 17
VisualStudioVersion = 17.0.31912.275
MinimumVisualStudioVersion = 10.0.40219.1
Project("{FAE04EC0-301F-11D3-BF4B-00C04F79EFBC}") = "Business", "Business\Business.csproj", "{12E1EDEB-E734-4185-A70D-2081256DF234}"
EndProject
Project("{FAE04EC0-301F-11D3-BF4B-00C04F79EFBC}") = "Core", "Core\Core.csproj", "{3B2367B7-BE3B-4B22-8C2E-47F1CFDD062F}"
EndProject
Project("{FAE04EC0-301F-11D3-BF4B-00C04F79EFBC}") = "DataAccess", "DataAccess\DataAccess.csproj", "{1DC85B21-081D-403C-9C91-A6EDCF96042B}"
EndProject
Project("{FAE04EC0-301F-11D3-BF4B-00C04F79EFBC}") = "Entities", "Entities\Entities.csproj", "{C13C9E4B-07A8-4647-A48B-0EB65577071B}"
EndProject
Project("{FAE04EC0-301F-11D3-BF4B-00C04F79EFBC}") = "WebAPI", "WebAPI\WebAPI.csproj", "{AF761C60-4771-4ED8-94DD-9BB19A49D90B}"
EndProject
Global
	GlobalSection(SolutionConfigurationPlatforms) = preSolution
		Debug|Any CPU = Debug|Any CPU
		Release|Any CPU = Release|Any CPU
	EndGlobalSection
	GlobalSection(ProjectConfigurationPlatforms) = postSolution
		{12E1EDEB-E734-4185-A70D-2081256DF234}.Debug|Any CPU.ActiveCfg = Debug|Any CPU
		{12E1EDEB-E734-4185-A70D-2081256DF234}.Debug|Any CPU.Build.0 = Debug|Any CPU
		{12E1EDEB-E734-4185-A70D-2081256DF234}.Release|Any CPU.ActiveCfg = Release|Any CPU
		{12E1EDEB-E734-4185-A70D-2081256DF234}.Release|Any CPU.Build.0 = Release|Any CPU
		{3B2367B7-BE3B-4B22-8C2E-47F1CFDD062F}.Debug|Any CPU.ActiveCfg = Debug|Any CPU
		{3B2367B7-BE3B-4B22-8C2E-47F1CFDD062F}.Debug|Any CPU.Build.0 = Debug|Any CPU
		{3B2367B7-BE3B-4B22-8C2E-47F1CFDD062F}.Release|Any CPU.ActiveCfg = Release|Any CPU
		{3B2367B7-BE3B-4B22-8C2E-47F1CFDD062F}.Release|Any CPU.Build.0 = Release|Any CPU
		{1DC85B21-081D-403C-9C91-A6EDCF96042B}.Debug|Any CPU.ActiveCfg = Debug|Any CPU
		{1DC85B21-081D-403C-9C91-A6EDCF96042B}.Debug|Any CPU.Build.0 = Debug|Any CPU
		{1DC85B21-081D-403C-9C91-A6EDCF96042B}.Release|Any CPU.ActiveCfg = Release|Any CPU
		{1DC85B21-081D-403C-9C91-A6EDCF96042B}.Release|Any CPU.Build.0 = Release|Any CPU
		{C13C9E4B-07A8-4647-A48B-0EB65577071B}.Debug|Any CPU.ActiveCfg = Debug|Any CPU
		{C13C9E4B-07A8-4647-A48B-0EB65577071B}.Debug|Any CPU.Build.0 = Debug|Any CPU
		{C13C9E4B-07A8-4647-A48B-0EB65577071B}.Release|Any CPU.ActiveCfg = Release|Any CPU
		{C13C9E4B-07A8-4647-A48B-0EB65577071B}.Release|Any CPU.Build.0 = Release|Any CPU
		{AF761C60-4771-4ED8-94DD-9BB19A49D90B}.Debug|Any CPU.ActiveCfg = Debug|Any CPU
		{AF761C60-4771-4ED8-94DD-9BB19A49D90B}.Debug|Any CPU.Build.0 = Debug|Any CPU
		{AF761C60-4771-4ED8-94DD-9BB19A49D90B}.Release|Any CPU.ActiveCfg = Release|Any CPU
		{AF761C60-4771-4ED8-94DD-9BB19A49D90B}.Release|Any CPU.Build.0 = Release|Any CPU
	EndGlobalSection
	GlobalSection(SolutionProperties) = preSolution
		HideSolutionNode = FALSE
	EndGlobalSection
	GlobalSection(ExtensibilityGlobals) = postSolution
		SolutionGuid = {B7F76396-1C8B-4346-A848-1D4D72353737}
	EndGlobalSection
EndGlobal
